
Microsoft Visual Studio Solution File, Format Version 12.00
# Visual Studio Version 17
VisualStudioVersion = 17.11.35208.52
MinimumVisualStudioVersion = 10.0.40219.1
Project("{FAE04EC0-301F-11D3-BF4B-00C04F79EFBC}") = "ITI.HMS", "ITI.HMS\ITI.HMS.csproj", "{B6B2458E-71C8-433A-A20D-70A1185B269C}"
EndProject
Global
	GlobalSection(SolutionConfigurationPlatforms) = preSolution
		Debug|Any CPU = Debug|Any CPU
		Release|Any CPU = Release|Any CPU
	EndGlobalSection
	GlobalSection(ProjectConfigurationPlatforms) = postSolution
		{B6B2458E-71C8-433A-A20D-70A1185B269C}.Debug|Any CPU.ActiveCfg = Debug|Any CPU
		{B6B2458E-71C8-433A-A20D-70A1185B269C}.Debug|Any CPU.Build.0 = Debug|Any CPU
		{B6B2458E-71C8-433A-A20D-70A1185B269C}.Release|Any CPU.ActiveCfg = Release|Any CPU
		{B6B2458E-71C8-433A-A20D-70A1185B269C}.Release|Any CPU.Build.0 = Release|Any CPU
	EndGlobalSection
	GlobalSection(SolutionProperties) = preSolution
		HideSolutionNode = FALSE
	EndGlobalSection
	GlobalSection(ExtensibilityGlobals) = postSolution
		SolutionGuid = {5615B78D-F67C-4EC4-B790-9CE070216046}
	EndGlobalSection
EndGlobal
